
Microsoft Visual Studio Solution File, Format Version 12.00
# Visual Studio Version 16
VisualStudioVersion = 16.0.30128.74
MinimumVisualStudioVersion = 10.0.40219.1
Project("{2150E333-8FDC-42A3-9474-1A3956D46DE8}") = "src", "src", "{3CF84004-9B69-4014-B70F-705C16C89233}"
EndProject
Project("{2150E333-8FDC-42A3-9474-1A3956D46DE8}") = "tests", "tests", "{C0374F78-1C81-4B5D-9F8F-C7186E76EF21}"
EndProject
Project("{2150E333-8FDC-42A3-9474-1A3956D46DE8}") = "Solution Items", "Solution Items", "{7CA52386-E9AC-40FA-A135-4B6FF91CED7D}"
	ProjectSection(SolutionItems) = preProject
		.travis.yml = .travis.yml
		licence.md = licence.md
		readme.md = readme.md
	EndProjectSection
EndProject
Project("{9A19103F-16F7-4668-BE54-9A1E7A4F7556}") = "Domain", "src\Domain\Domain.csproj", "{C3C33276-C743-47A5-A143-0B0976AFC79D}"
EndProject
Project("{9A19103F-16F7-4668-BE54-9A1E7A4F7556}") = "Infrastructure", "src\Infrastructure\Infrastructure.csproj", "{633E3CD0-28D6-4FEF-9B7B-9B3B1C1823DE}"
EndProject
Project("{9A19103F-16F7-4668-BE54-9A1E7A4F7556}") = "WebApi", "src\WebApi\WebApi.csproj", "{32C56868-92E9-4A94-BC6C-6AAAEFE73782}"
EndProject
Project("{FAE04EC0-301F-11D3-BF4B-00C04F79EFBC}") = "Application", "src\Application\Application.csproj", "{D9579A0E-588A-49F9-928E-F11B0EEA25F4}"
EndProject
Project("{2150E333-8FDC-42A3-9474-1A3956D46DE8}") = "containers", "containers", "{B3BE7D8D-E4FB-4254-B407-2FC98E675735}"
	ProjectSection(SolutionItems) = preProject
		containers\docker-compose.yml = containers\docker-compose.yml
		containers\Dockerfile = containers\Dockerfile
	EndProjectSection
EndProject
Project("{9A19103F-16F7-4668-BE54-9A1E7A4F7556}") = "Application_Tests", "tests\Application_Tests\Application_Tests.csproj", "{512A44FE-714F-44DF-90C6-AD369B4839CF}"
EndProject
Project("{9A19103F-16F7-4668-BE54-9A1E7A4F7556}") = "Domain_Tests", "tests\Domain_Tests\Domain_Tests.csproj", "{1846C948-AB89-4F2F-9062-008D289213FB}"
EndProject
Project("{9A19103F-16F7-4668-BE54-9A1E7A4F7556}") = "Infraestructure_Tests", "tests\Infraestructure_Tests\Infraestructure_Tests.csproj", "{D4EAE07C-EE00-459F-A5DB-4A1E6C75F969}"
EndProject
Project("{9A19103F-16F7-4668-BE54-9A1E7A4F7556}") = "WebApi_Tests", "tests\WebApi_Tests\WebApi_Tests.csproj", "{0FB143E2-D9AB-48F6-8E8C-23778DA48A87}"
EndProject
Global
	GlobalSection(SolutionConfigurationPlatforms) = preSolution
		Debug|Any CPU = Debug|Any CPU
		Release|Any CPU = Release|Any CPU
	EndGlobalSection
	GlobalSection(ProjectConfigurationPlatforms) = postSolution
		{C3C33276-C743-47A5-A143-0B0976AFC79D}.Debug|Any CPU.ActiveCfg = Debug|Any CPU
		{C3C33276-C743-47A5-A143-0B0976AFC79D}.Debug|Any CPU.Build.0 = Debug|Any CPU
		{C3C33276-C743-47A5-A143-0B0976AFC79D}.Release|Any CPU.ActiveCfg = Release|Any CPU
		{C3C33276-C743-47A5-A143-0B0976AFC79D}.Release|Any CPU.Build.0 = Release|Any CPU
		{633E3CD0-28D6-4FEF-9B7B-9B3B1C1823DE}.Debug|Any CPU.ActiveCfg = Debug|Any CPU
		{633E3CD0-28D6-4FEF-9B7B-9B3B1C1823DE}.Debug|Any CPU.Build.0 = Debug|Any CPU
		{633E3CD0-28D6-4FEF-9B7B-9B3B1C1823DE}.Release|Any CPU.ActiveCfg = Release|Any CPU
		{633E3CD0-28D6-4FEF-9B7B-9B3B1C1823DE}.Release|Any CPU.Build.0 = Release|Any CPU
		{32C56868-92E9-4A94-BC6C-6AAAEFE73782}.Debug|Any CPU.ActiveCfg = Debug|Any CPU
		{32C56868-92E9-4A94-BC6C-6AAAEFE73782}.Debug|Any CPU.Build.0 = Debug|Any CPU
		{32C56868-92E9-4A94-BC6C-6AAAEFE73782}.Release|Any CPU.ActiveCfg = Release|Any CPU
		{32C56868-92E9-4A94-BC6C-6AAAEFE73782}.Release|Any CPU.Build.0 = Release|Any CPU
		{D9579A0E-588A-49F9-928E-F11B0EEA25F4}.Debug|Any CPU.ActiveCfg = Debug|Any CPU
		{D9579A0E-588A-49F9-928E-F11B0EEA25F4}.Debug|Any CPU.Build.0 = Debug|Any CPU
		{D9579A0E-588A-49F9-928E-F11B0EEA25F4}.Release|Any CPU.ActiveCfg = Release|Any CPU
		{D9579A0E-588A-49F9-928E-F11B0EEA25F4}.Release|Any CPU.Build.0 = Release|Any CPU
		{512A44FE-714F-44DF-90C6-AD369B4839CF}.Debug|Any CPU.ActiveCfg = Debug|Any CPU
		{512A44FE-714F-44DF-90C6-AD369B4839CF}.Debug|Any CPU.Build.0 = Debug|Any CPU
		{512A44FE-714F-44DF-90C6-AD369B4839CF}.Release|Any CPU.ActiveCfg = Release|Any CPU
		{512A44FE-714F-44DF-90C6-AD369B4839CF}.Release|Any CPU.Build.0 = Release|Any CPU
		{1846C948-AB89-4F2F-9062-008D289213FB}.Debug|Any CPU.ActiveCfg = Debug|Any CPU
		{1846C948-AB89-4F2F-9062-008D289213FB}.Debug|Any CPU.Build.0 = Debug|Any CPU
		{1846C948-AB89-4F2F-9062-008D289213FB}.Release|Any CPU.ActiveCfg = Release|Any CPU
		{1846C948-AB89-4F2F-9062-008D289213FB}.Release|Any CPU.Build.0 = Release|Any CPU
		{D4EAE07C-EE00-459F-A5DB-4A1E6C75F969}.Debug|Any CPU.ActiveCfg = Debug|Any CPU
		{D4EAE07C-EE00-459F-A5DB-4A1E6C75F969}.Debug|Any CPU.Build.0 = Debug|Any CPU
		{D4EAE07C-EE00-459F-A5DB-4A1E6C75F969}.Release|Any CPU.ActiveCfg = Release|Any CPU
		{D4EAE07C-EE00-459F-A5DB-4A1E6C75F969}.Release|Any CPU.Build.0 = Release|Any CPU
		{0FB143E2-D9AB-48F6-8E8C-23778DA48A87}.Debug|Any CPU.ActiveCfg = Debug|Any CPU
		{0FB143E2-D9AB-48F6-8E8C-23778DA48A87}.Debug|Any CPU.Build.0 = Debug|Any CPU
		{0FB143E2-D9AB-48F6-8E8C-23778DA48A87}.Release|Any CPU.ActiveCfg = Release|Any CPU
		{0FB143E2-D9AB-48F6-8E8C-23778DA48A87}.Release|Any CPU.Build.0 = Release|Any CPU
	EndGlobalSection
	GlobalSection(SolutionProperties) = preSolution
		HideSolutionNode = FALSE
	EndGlobalSection
	GlobalSection(NestedProjects) = preSolution
		{C3C33276-C743-47A5-A143-0B0976AFC79D} = {3CF84004-9B69-4014-B70F-705C16C89233}
		{633E3CD0-28D6-4FEF-9B7B-9B3B1C1823DE} = {3CF84004-9B69-4014-B70F-705C16C89233}
		{32C56868-92E9-4A94-BC6C-6AAAEFE73782} = {3CF84004-9B69-4014-B70F-705C16C89233}
		{D9579A0E-588A-49F9-928E-F11B0EEA25F4} = {3CF84004-9B69-4014-B70F-705C16C89233}
		{B3BE7D8D-E4FB-4254-B407-2FC98E675735} = {7CA52386-E9AC-40FA-A135-4B6FF91CED7D}
		{512A44FE-714F-44DF-90C6-AD369B4839CF} = {C0374F78-1C81-4B5D-9F8F-C7186E76EF21}
		{1846C948-AB89-4F2F-9062-008D289213FB} = {C0374F78-1C81-4B5D-9F8F-C7186E76EF21}
		{D4EAE07C-EE00-459F-A5DB-4A1E6C75F969} = {C0374F78-1C81-4B5D-9F8F-C7186E76EF21}
		{0FB143E2-D9AB-48F6-8E8C-23778DA48A87} = {C0374F78-1C81-4B5D-9F8F-C7186E76EF21}
	EndGlobalSection
	GlobalSection(ExtensibilityGlobals) = postSolution
		SolutionGuid = {F751341A-6A1B-4770-A0DA-CBEE7D602FE8}
	EndGlobalSection
EndGlobal
